
Microsoft Visual Studio Solution File, Format Version 12.00
# Visual Studio Version 17
VisualStudioVersion = 17.10.34928.147
MinimumVisualStudioVersion = 10.0.40219.1
Project("{FAE04EC0-301F-11D3-BF4B-00C04F79EFBC}") = "MovieRentalManagementSystem_V2", "MovieRentalManagementSystem_V2\MovieRentalManagementSystem_V2.csproj", "{5E939019-3E83-4A4A-BB61-7D08D6074333}"
EndProject
Global
	GlobalSection(SolutionConfigurationPlatforms) = preSolution
		Debug|Any CPU = Debug|Any CPU
		Release|Any CPU = Release|Any CPU
	EndGlobalSection
	GlobalSection(ProjectConfigurationPlatforms) = postSolution
		{5E939019-3E83-4A4A-BB61-7D08D6074333}.Debug|Any CPU.ActiveCfg = Debug|Any CPU
		{5E939019-3E83-4A4A-BB61-7D08D6074333}.Debug|Any CPU.Build.0 = Debug|Any CPU
		{5E939019-3E83-4A4A-BB61-7D08D6074333}.Release|Any CPU.ActiveCfg = Release|Any CPU
		{5E939019-3E83-4A4A-BB61-7D08D6074333}.Release|Any CPU.Build.0 = Release|Any CPU
	EndGlobalSection
	GlobalSection(SolutionProperties) = preSolution
		HideSolutionNode = FALSE
	EndGlobalSection
	GlobalSection(ExtensibilityGlobals) = postSolution
		SolutionGuid = {34DEEEFD-B957-4917-89B2-7C87A7EAC8C8}
	EndGlobalSection
EndGlobal
